
Microsoft Visual Studio Solution File, Format Version 12.00
# Visual Studio Version 17
VisualStudioVersion = 17.8.34511.84
MinimumVisualStudioVersion = 10.0.40219.1
Project("{FAE04EC0-301F-11D3-BF4B-00C04F79EFBC}") = "AdditionalTask2", "AdditionalTask2\AdditionalTask2.csproj", "{D73A8F17-EE70-4C1D-B357-9D30023B0A97}"
EndProject
Global
	GlobalSection(SolutionConfigurationPlatforms) = preSolution
		Debug|Any CPU = Debug|Any CPU
		Release|Any CPU = Release|Any CPU
	EndGlobalSection
	GlobalSection(ProjectConfigurationPlatforms) = postSolution
		{D73A8F17-EE70-4C1D-B357-9D30023B0A97}.Debug|Any CPU.ActiveCfg = Debug|Any CPU
		{D73A8F17-EE70-4C1D-B357-9D30023B0A97}.Debug|Any CPU.Build.0 = Debug|Any CPU
		{D73A8F17-EE70-4C1D-B357-9D30023B0A97}.Release|Any CPU.ActiveCfg = Release|Any CPU
		{D73A8F17-EE70-4C1D-B357-9D30023B0A97}.Release|Any CPU.Build.0 = Release|Any CPU
	EndGlobalSection
	GlobalSection(SolutionProperties) = preSolution
		HideSolutionNode = FALSE
	EndGlobalSection
	GlobalSection(ExtensibilityGlobals) = postSolution
		SolutionGuid = {0991A708-1E8F-4098-85D0-A43C1CA0CE2F}
	EndGlobalSection
EndGlobal
